
Microsoft Visual Studio Solution File, Format Version 11.00
# Visual Studio 2010
Project("{8BC9CEB8-8B4A-11D0-8D11-00A0C91BC942}") = "fuck_game_server_engine", "fuck_game_server_engine\fuck_game_server_engine.vcxproj", "{F82E9267-A3DD-4D5C-AFAE-23ECDFE7C09A}"
EndProject
Project("{8BC9CEB8-8B4A-11D0-8D11-00A0C91BC942}") = "test", "test\test.vcxproj", "{51E71CBB-ADD6-4C52-BFE0-B6DE525891EC}"
	ProjectSection(ProjectDependencies) = postProject
		{F82E9267-A3DD-4D5C-AFAE-23ECDFE7C09A} = {F82E9267-A3DD-4D5C-AFAE-23ECDFE7C09A}
	EndProjectSection
EndProject
Global
	GlobalSection(SolutionConfigurationPlatforms) = preSolution
		Debug|Win32 = Debug|Win32
		Release|Win32 = Release|Win32
	EndGlobalSection
	GlobalSection(ProjectConfigurationPlatforms) = postSolution
		{F82E9267-A3DD-4D5C-AFAE-23ECDFE7C09A}.Debug|Win32.ActiveCfg = Debug|Win32
		{F82E9267-A3DD-4D5C-AFAE-23ECDFE7C09A}.Debug|Win32.Build.0 = Debug|Win32
		{F82E9267-A3DD-4D5C-AFAE-23ECDFE7C09A}.Release|Win32.ActiveCfg = Release|Win32
		{F82E9267-A3DD-4D5C-AFAE-23ECDFE7C09A}.Release|Win32.Build.0 = Release|Win32
		{51E71CBB-ADD6-4C52-BFE0-B6DE525891EC}.Debug|Win32.ActiveCfg = Debug|Win32
		{51E71CBB-ADD6-4C52-BFE0-B6DE525891EC}.Debug|Win32.Build.0 = Debug|Win32
		{51E71CBB-ADD6-4C52-BFE0-B6DE525891EC}.Release|Win32.ActiveCfg = Release|Win32
		{51E71CBB-ADD6-4C52-BFE0-B6DE525891EC}.Release|Win32.Build.0 = Release|Win32
	EndGlobalSection
	GlobalSection(SolutionProperties) = preSolution
		HideSolutionNode = FALSE
	EndGlobalSection
EndGlobal
